<?xml version="1.0" encoding="utf-8"?>
<Project ToolsVersion="4.0" xmlns="http://schemas.microsoft.com/developer/msbuild/2003">
  <ItemGroup>
    <Filter Include="Source Files">
      <UniqueIdentifier>{4FC737F1-C7A5-4376-A066-2A32D752A2FF}</UniqueIdentifier>
      <Extensions>cpp;c;cc;cxx;def;odl;idl;hpj;bat;asm;asmx</Extensions>
    </Filter>
    <Filter Include="Header Files">
      <UniqueIdentifier>{93995380-89BD-4b04-88EB-625FBE52EBFB}</UniqueIdentifier>
      <Extensions>h;hh;hpp;hxx;hm;inl;inc;xsd</Extensions>
    </Filter>
    <Filter Include="Resource Files">
      <UniqueIdentifier>{67DA6AB6-F800-4c08-8B7A-83BB121AAD01}</UniqueIdentifier>
      <Extensions>rc;ico;cur;bmp;dlg;rc2;rct;bin;rgs;gif;jpg;jpeg;jpe;resx;tiff;tif;png;wav;mfcribbon-ms</Extensions>
    </Filter>
    <Filter Include="Documentation">
      <UniqueIdentifier>{46775f04-4f8e-4a21-af0c-f0b253e16246}</UniqueIdentifier>
    </Filter>
    <Filter Include="3rd Party Libraries">
      <UniqueIdentifier>{b1fca93a-689e-4826-ac6b-976de8cc6d31}</UniqueIdentifier>
    </Filter>
  </ItemGroup>
  <ItemGroup>
    <None Include="LEDStick_TFT.ino" />
    <None Include="LICENSE" />
    <None Include="README.md" />
    <None Include="Documentation\LEDStick-simple-build.pdf">
      <Filter>Documentation</Filter>
    </None>
    <None Include="3rd Party Libraries\UTFT.zip" />
    <None Include="3rd Party Libraries\UTFT_Buttons.zip" />
    <None Include="3rd Party Libraries\UTouch.zip" />
  </ItemGroup>
  <ItemGroup>
    <ClInclude Include="StickHardware.h">
      <Filter>Header Files</Filter>
    </ClInclude>
    <ClInclude Include="MenuSelection.h">
      <Filter>Header Files</Filter>
    </ClInclude>
    <ClInclude Include="RGBController.h">
      <Filter>Header Files</Filter>
    </ClInclude>
    <ClInclude Include="RGB.h">
      <Filter>Header Files</Filter>
    </ClInclude>
    <ClInclude Include="Bitmap.h">
      <Filter>Header Files</Filter>
    </ClInclude>
    <ClInclude Include="BitmapInfo.h">
      <Filter>Header Files</Filter>
    </ClInclude>
    <ClInclude Include="EepromConfiguration.h">
      <Filter>Header Files</Filter>
    </ClInclude>
    <ClInclude Include="RGBBitmap.h">
      <Filter>Header Files</Filter>
    </ClInclude>
    <ClInclude Include="PaintingState.h">
      <Filter>Header Files</Filter>
    </ClInclude>
    <ClInclude Include="PaintingStateMachine.h">
      <Filter>Header Files</Filter>
    </ClInclude>
    <ClInclude Include="SolidEffect.h">
      <Filter>Header Files</Filter>
    </ClInclude>
    <ClInclude Include="FadeEffect.h">
      <Filter>Header Files</Filter>
    </ClInclude>
    <ClInclude Include="StarEffect.h">
      <Filter>Header Files</Filter>
    </ClInclude>
    <ClInclude Include="BitmapEffect.h">
      <Filter>Header Files</Filter>
    </ClInclude>
    <ClInclude Include="LEDStick.h">
      <Filter>Header Files</Filter>
    </ClInclude>
    <ClInclude Include="FadeConfiguration.h">
      <Filter>Header Files</Filter>
    </ClInclude>
    <ClInclude Include="FadeBase.h">
      <Filter>Header Files</Filter>
    </ClInclude>
    <ClInclude Include="BitmapEffectSetup.h">
      <Filter>Header Files</Filter>
    </ClInclude>
    <ClInclude Include="FadeEffectSetup.h">
      <Filter>Header Files</Filter>
    </ClInclude>
    <ClInclude Include="SolidEffectSetup.h">
      <Filter>Header Files</Filter>
    </ClInclude>
    <ClInclude Include="StarEffectSetup.h">
      <Filter>Header Files</Filter>
    </ClInclude>
    <ClInclude Include="EffectSetupBase.h">
      <Filter>Header Files</Filter>
    </ClInclude>
    <ClInclude Include="ChaseEffect.h">
      <Filter>Header Files</Filter>
    </ClInclude>
    <ClInclude Include="ChaseEffectSetup.h">
      <Filter>Header Files</Filter>
    </ClInclude>
    <ClInclude Include="__vm\.LEDStick_TFT.vsarduino.h">
      <Filter>Header Files</Filter>
    </ClInclude>
    <ClInclude Include="LengthConfigurationManager.h">
      <Filter>Header Files</Filter>
    </ClInclude>
    <ClInclude Include="BrightnessConfigurationManager.h">
      <Filter>Header Files</Filter>
    </ClInclude>
  </ItemGroup>
  <ItemGroup>
    <ClCompile Include="MenuSelection.cpp">
      <Filter>Source Files</Filter>
    </ClCompile>
    <ClCompile Include="RGBController.cpp">
      <Filter>Source Files</Filter>
    </ClCompile>
    <ClCompile Include="Bitmap.cpp">
      <Filter>Source Files</Filter>
    </ClCompile>
    <ClCompile Include="EepromConfiguration.cpp">
      <Filter>Source Files</Filter>
    </ClCompile>
    <ClCompile Include="arial_bold.c">
      <Filter>Source Files</Filter>
    </ClCompile>
    <ClCompile Include="Various_Symbols_32x32.c">
      <Filter>Source Files</Filter>
    </ClCompile>
    <ClCompile Include="PaintingStateMachine.cpp">
      <Filter>Source Files</Filter>
    </ClCompile>
    <ClCompile Include="SolidEffect.cpp">
      <Filter>Source Files</Filter>
    </ClCompile>
    <ClCompile Include="FadeEffect.cpp">
      <Filter>Source Files</Filter>
    </ClCompile>
    <ClCompile Include="StarEffect.cpp">
      <Filter>Source Files</Filter>
    </ClCompile>
    <ClCompile Include="BitmapEffect.cpp">
      <Filter>Source Files</Filter>
    </ClCompile>
    <ClCompile Include="LEDStick.cpp">
      <Filter>Source Files</Filter>
    </ClCompile>
    <ClCompile Include="FadeBase.cpp">
      <Filter>Source Files</Filter>
    </ClCompile>
    <ClCompile Include="StarEffectSetup.cpp">
      <Filter>Source Files</Filter>
    </ClCompile>
    <ClCompile Include="SolidEffectSetup.cpp">
      <Filter>Source Files</Filter>
    </ClCompile>
    <ClCompile Include="FadeEffectSetup.cpp">
      <Filter>Source Files</Filter>
    </ClCompile>
    <ClCompile Include="BitmapEffectSetup.cpp">
      <Filter>Source Files</Filter>
    </ClCompile>
    <ClCompile Include="EffectSetupBase.cpp">
      <Filter>Source Files</Filter>
    </ClCompile>
    <ClCompile Include="ChaseEffect.cpp">
      <Filter>Source Files</Filter>
    </ClCompile>
    <ClCompile Include="ChaseEffectSetup.cpp">
      <Filter>Source Files</Filter>
    </ClCompile>
    <ClCompile Include="LengthConfigurationManager.cpp">
      <Filter>Source Files</Filter>
    </ClCompile>
    <ClCompile Include="BrightnessConfigurationManager.cpp">
      <Filter>Source Files</Filter>
    </ClCompile>
  </ItemGroup>
  <ItemGroup>
    <Image Include="Resources\color_picker.bmp">
      <Filter>Resource Files</Filter>
    </Image>
  </ItemGroup>
</Project>